
Microsoft Visual Studio Solution File, Format Version 12.00
# Visual Studio Version 17
VisualStudioVersion = 17.2.32630.192
MinimumVisualStudioVersion = 10.0.40219.1
Project("{FAE04EC0-301F-11D3-BF4B-00C04F79EFBC}") = "Planning Tools", "Planning Tools\Planning Tools.csproj", "{5377F7A6-2626-4BE1-9919-9B6F4C2B4005}"
EndProject
Global
	GlobalSection(SolutionConfigurationPlatforms) = preSolution
		Debug|Any CPU = Debug|Any CPU
		Release|Any CPU = Release|Any CPU
	EndGlobalSection
	GlobalSection(ProjectConfigurationPlatforms) = postSolution
		{5377F7A6-2626-4BE1-9919-9B6F4C2B4005}.Debug|Any CPU.ActiveCfg = Debug|Any CPU
		{5377F7A6-2626-4BE1-9919-9B6F4C2B4005}.Debug|Any CPU.Build.0 = Debug|Any CPU
		{5377F7A6-2626-4BE1-9919-9B6F4C2B4005}.Release|Any CPU.ActiveCfg = Release|Any CPU
		{5377F7A6-2626-4BE1-9919-9B6F4C2B4005}.Release|Any CPU.Build.0 = Release|Any CPU
	EndGlobalSection
	GlobalSection(SolutionProperties) = preSolution
		HideSolutionNode = FALSE
	EndGlobalSection
	GlobalSection(ExtensibilityGlobals) = postSolution
		SolutionGuid = {69ACC6C6-4432-4272-B4AA-307044AD2F22}
	EndGlobalSection
EndGlobal
